
Microsoft Visual Studio Solution File, Format Version 12.00
# Visual Studio Version 17
VisualStudioVersion = 17.0.31903.59
MinimumVisualStudioVersion = 10.0.40219.1
Project("{2150E333-8FDC-42A3-9474-1A3956D46DE8}") = "src", "src", "{827E0CD3-B72D-47B6-A68D-7590B98EB39B}"
EndProject
Project("{2150E333-8FDC-42A3-9474-1A3956D46DE8}") = "Core", "Core", "{8D626EA8-CB54-BC41-363A-217881BEBA6E}"
EndProject
Project("{2150E333-8FDC-42A3-9474-1A3956D46DE8}") = "Domain", "Domain", "{53986343-908A-6037-C70A-1919D3E9F8C3}"
EndProject
Project("{FAE04EC0-301F-11D3-BF4B-00C04F79EFBC}") = "CodeReviewAssistant.Core.Domain", "src\Core\Domain\CodeReviewAssistant.Core.Domain\CodeReviewAssistant.Core.Domain.csproj", "{EDC96531-90B5-416A-99B4-0FCA89D534F0}"
EndProject
Project("{2150E333-8FDC-42A3-9474-1A3956D46DE8}") = "Application", "Application", "{0CDA018B-BDBD-8926-19A4-D41D9F91466A}"
EndProject
Project("{FAE04EC0-301F-11D3-BF4B-00C04F79EFBC}") = "CodeReviewAssistant.Core.Application", "src\Core\Application\CodeReviewAssistant.Core.Application\CodeReviewAssistant.Core.Application.csproj", "{B8FD6914-FC44-4339-A368-063CCA12E2D3}"
EndProject
Project("{2150E333-8FDC-42A3-9474-1A3956D46DE8}") = "Infrastructure", "Infrastructure", "{9048EB7F-3875-A59E-E36B-5BD4C6F2A282}"
EndProject
Project("{2150E333-8FDC-42A3-9474-1A3956D46DE8}") = "Persistence", "Persistence", "{813E7100-D1EB-AF84-2D96-A854DDFD8E47}"
EndProject
Project("{FAE04EC0-301F-11D3-BF4B-00C04F79EFBC}") = "CodeReviewAssistant.Infrastructure.Persistence", "src\Infrastructure\Persistence\CodeReviewAssistant.Infrastructure.Persistence\CodeReviewAssistant.Infrastructure.Persistence.csproj", "{8FD97239-4C21-4BA4-8196-4C668DAEFCB7}"
EndProject
Project("{2150E333-8FDC-42A3-9474-1A3956D46DE8}") = "WebApi", "WebApi", "{953D89DF-FDD2-4C1A-6A43-6326114B13B5}"
EndProject
Project("{FAE04EC0-301F-11D3-BF4B-00C04F79EFBC}") = "CodeReviewAssistant.WebApi", "src\WebApi\CodeReviewAssistant.WebApi\CodeReviewAssistant.WebApi.csproj", "{619E4DDB-CA66-46ED-ACAC-3B63C2685990}"
EndProject
Project("{2150E333-8FDC-42A3-9474-1A3956D46DE8}") = "Shared", "Shared", "{C8E42992-5E42-0C2B-DBFE-AA848D06431C}"
EndProject
Project("{FAE04EC0-301F-11D3-BF4B-00C04F79EFBC}") = "CodeReviewAssistant.Shared", "src\Shared\CodeReviewAssistant.Shared\CodeReviewAssistant.Shared.csproj", "{4A4FD447-1171-4F33-A18C-B25E65CD7466}"
EndProject
Project("{2150E333-8FDC-42A3-9474-1A3956D46DE8}") = "Worker", "Worker", "{89BA21D6-604E-9DA1-5F6C-9062FD58212E}"
EndProject
Project("{FAE04EC0-301F-11D3-BF4B-00C04F79EFBC}") = "CodeReviewAssistant.Worker", "src\Worker\CodeReviewAssistant.Worker\CodeReviewAssistant.Worker.csproj", "{F82E05AA-53AC-425C-87F4-99E8195F7E9E}"
EndProject
Project("{2150E333-8FDC-42A3-9474-1A3956D46DE8}") = "ExternalServices", "ExternalServices", "{DF56E729-A01A-29F9-47C4-8BA551762C32}"
EndProject
Project("{FAE04EC0-301F-11D3-BF4B-00C04F79EFBC}") = "CodeReviewAssistant.Infrastructure.ExternalServices", "src\Infrastructure\ExternalServices\CodeReviewAssistant.Infrastructure.ExternalServices\CodeReviewAssistant.Infrastructure.ExternalServices.csproj", "{714C8064-E2D6-41A2-A772-FE75197FD17B}"
EndProject
Project("{2150E333-8FDC-42A3-9474-1A3956D46DE8}") = "SharedKernel", "SharedKernel", "{85F909CB-8F14-ECC8-BA9D-713D1771907F}"
EndProject
Project("{FAE04EC0-301F-11D3-BF4B-00C04F79EFBC}") = "CodeReviewAssistant.SharedKernel", "src\SharedKernel\CodeReviewAssistant.SharedKernel\CodeReviewAssistant.SharedKernel.csproj", "{9C2E3628-0B74-4A49-AFDD-63877CE22078}"
EndProject
Project("{2150E333-8FDC-42A3-9474-1A3956D46DE8}") = "tests", "tests", "{0AB3BF05-4346-4AA6-1389-037BE0695223}"
EndProject
Project("{2150E333-8FDC-42A3-9474-1A3956D46DE8}") = "IntegrationTests", "IntegrationTests", "{30785934-E017-5D9F-2777-3D61460A5281}"
EndProject
Project("{FAE04EC0-301F-11D3-BF4B-00C04F79EFBC}") = "CodeReviewAssistant.IntegrationTests", "tests\IntegrationTests\CodeReviewAssistant.IntegrationTests\CodeReviewAssistant.IntegrationTests.csproj", "{B5CE6BED-A4B9-40A6-BCC0-0669DCDD73C8}"
EndProject
Global
	GlobalSection(SolutionConfigurationPlatforms) = preSolution
		Debug|Any CPU = Debug|Any CPU
		Debug|x64 = Debug|x64
		Debug|x86 = Debug|x86
		Release|Any CPU = Release|Any CPU
		Release|x64 = Release|x64
		Release|x86 = Release|x86
	EndGlobalSection
	GlobalSection(ProjectConfigurationPlatforms) = postSolution
		{EDC96531-90B5-416A-99B4-0FCA89D534F0}.Debug|Any CPU.ActiveCfg = Debug|Any CPU
		{EDC96531-90B5-416A-99B4-0FCA89D534F0}.Debug|Any CPU.Build.0 = Debug|Any CPU
		{EDC96531-90B5-416A-99B4-0FCA89D534F0}.Debug|x64.ActiveCfg = Debug|Any CPU
		{EDC96531-90B5-416A-99B4-0FCA89D534F0}.Debug|x64.Build.0 = Debug|Any CPU
		{EDC96531-90B5-416A-99B4-0FCA89D534F0}.Debug|x86.ActiveCfg = Debug|Any CPU
		{EDC96531-90B5-416A-99B4-0FCA89D534F0}.Debug|x86.Build.0 = Debug|Any CPU
		{EDC96531-90B5-416A-99B4-0FCA89D534F0}.Release|Any CPU.ActiveCfg = Release|Any CPU
		{EDC96531-90B5-416A-99B4-0FCA89D534F0}.Release|Any CPU.Build.0 = Release|Any CPU
		{EDC96531-90B5-416A-99B4-0FCA89D534F0}.Release|x64.ActiveCfg = Release|Any CPU
		{EDC96531-90B5-416A-99B4-0FCA89D534F0}.Release|x64.Build.0 = Release|Any CPU
		{EDC96531-90B5-416A-99B4-0FCA89D534F0}.Release|x86.ActiveCfg = Release|Any CPU
		{EDC96531-90B5-416A-99B4-0FCA89D534F0}.Release|x86.Build.0 = Release|Any CPU
		{B8FD6914-FC44-4339-A368-063CCA12E2D3}.Debug|Any CPU.ActiveCfg = Debug|Any CPU
		{B8FD6914-FC44-4339-A368-063CCA12E2D3}.Debug|Any CPU.Build.0 = Debug|Any CPU
		{B8FD6914-FC44-4339-A368-063CCA12E2D3}.Debug|x64.ActiveCfg = Debug|Any CPU
		{B8FD6914-FC44-4339-A368-063CCA12E2D3}.Debug|x64.Build.0 = Debug|Any CPU
		{B8FD6914-FC44-4339-A368-063CCA12E2D3}.Debug|x86.ActiveCfg = Debug|Any CPU
		{B8FD6914-FC44-4339-A368-063CCA12E2D3}.Debug|x86.Build.0 = Debug|Any CPU
		{B8FD6914-FC44-4339-A368-063CCA12E2D3}.Release|Any CPU.ActiveCfg = Release|Any CPU
		{B8FD6914-FC44-4339-A368-063CCA12E2D3}.Release|Any CPU.Build.0 = Release|Any CPU
		{B8FD6914-FC44-4339-A368-063CCA12E2D3}.Release|x64.ActiveCfg = Release|Any CPU
		{B8FD6914-FC44-4339-A368-063CCA12E2D3}.Release|x64.Build.0 = Release|Any CPU
		{B8FD6914-FC44-4339-A368-063CCA12E2D3}.Release|x86.ActiveCfg = Release|Any CPU
		{B8FD6914-FC44-4339-A368-063CCA12E2D3}.Release|x86.Build.0 = Release|Any CPU
		{8FD97239-4C21-4BA4-8196-4C668DAEFCB7}.Debug|Any CPU.ActiveCfg = Debug|Any CPU
		{8FD97239-4C21-4BA4-8196-4C668DAEFCB7}.Debug|Any CPU.Build.0 = Debug|Any CPU
		{8FD97239-4C21-4BA4-8196-4C668DAEFCB7}.Debug|x64.ActiveCfg = Debug|Any CPU
		{8FD97239-4C21-4BA4-8196-4C668DAEFCB7}.Debug|x64.Build.0 = Debug|Any CPU
		{8FD97239-4C21-4BA4-8196-4C668DAEFCB7}.Debug|x86.ActiveCfg = Debug|Any CPU
		{8FD97239-4C21-4BA4-8196-4C668DAEFCB7}.Debug|x86.Build.0 = Debug|Any CPU
		{8FD97239-4C21-4BA4-8196-4C668DAEFCB7}.Release|Any CPU.ActiveCfg = Release|Any CPU
		{8FD97239-4C21-4BA4-8196-4C668DAEFCB7}.Release|Any CPU.Build.0 = Release|Any CPU
		{8FD97239-4C21-4BA4-8196-4C668DAEFCB7}.Release|x64.ActiveCfg = Release|Any CPU
		{8FD97239-4C21-4BA4-8196-4C668DAEFCB7}.Release|x64.Build.0 = Release|Any CPU
		{8FD97239-4C21-4BA4-8196-4C668DAEFCB7}.Release|x86.ActiveCfg = Release|Any CPU
		{8FD97239-4C21-4BA4-8196-4C668DAEFCB7}.Release|x86.Build.0 = Release|Any CPU
		{619E4DDB-CA66-46ED-ACAC-3B63C2685990}.Debug|Any CPU.ActiveCfg = Debug|Any CPU
		{619E4DDB-CA66-46ED-ACAC-3B63C2685990}.Debug|Any CPU.Build.0 = Debug|Any CPU
		{619E4DDB-CA66-46ED-ACAC-3B63C2685990}.Debug|x64.ActiveCfg = Debug|Any CPU
		{619E4DDB-CA66-46ED-ACAC-3B63C2685990}.Debug|x64.Build.0 = Debug|Any CPU
		{619E4DDB-CA66-46ED-ACAC-3B63C2685990}.Debug|x86.ActiveCfg = Debug|Any CPU
		{619E4DDB-CA66-46ED-ACAC-3B63C2685990}.Debug|x86.Build.0 = Debug|Any CPU
		{619E4DDB-CA66-46ED-ACAC-3B63C2685990}.Release|Any CPU.ActiveCfg = Release|Any CPU
		{619E4DDB-CA66-46ED-ACAC-3B63C2685990}.Release|Any CPU.Build.0 = Release|Any CPU
		{619E4DDB-CA66-46ED-ACAC-3B63C2685990}.Release|x64.ActiveCfg = Release|Any CPU
		{619E4DDB-CA66-46ED-ACAC-3B63C2685990}.Release|x64.Build.0 = Release|Any CPU
		{619E4DDB-CA66-46ED-ACAC-3B63C2685990}.Release|x86.ActiveCfg = Release|Any CPU
		{619E4DDB-CA66-46ED-ACAC-3B63C2685990}.Release|x86.Build.0 = Release|Any CPU
		{4A4FD447-1171-4F33-A18C-B25E65CD7466}.Debug|Any CPU.ActiveCfg = Debug|Any CPU
		{4A4FD447-1171-4F33-A18C-B25E65CD7466}.Debug|Any CPU.Build.0 = Debug|Any CPU
		{4A4FD447-1171-4F33-A18C-B25E65CD7466}.Debug|x64.ActiveCfg = Debug|Any CPU
		{4A4FD447-1171-4F33-A18C-B25E65CD7466}.Debug|x64.Build.0 = Debug|Any CPU
		{4A4FD447-1171-4F33-A18C-B25E65CD7466}.Debug|x86.ActiveCfg = Debug|Any CPU
		{4A4FD447-1171-4F33-A18C-B25E65CD7466}.Debug|x86.Build.0 = Debug|Any CPU
		{4A4FD447-1171-4F33-A18C-B25E65CD7466}.Release|Any CPU.ActiveCfg = Release|Any CPU
		{4A4FD447-1171-4F33-A18C-B25E65CD7466}.Release|Any CPU.Build.0 = Release|Any CPU
		{4A4FD447-1171-4F33-A18C-B25E65CD7466}.Release|x64.ActiveCfg = Release|Any CPU
		{4A4FD447-1171-4F33-A18C-B25E65CD7466}.Release|x64.Build.0 = Release|Any CPU
		{4A4FD447-1171-4F33-A18C-B25E65CD7466}.Release|x86.ActiveCfg = Release|Any CPU
		{4A4FD447-1171-4F33-A18C-B25E65CD7466}.Release|x86.Build.0 = Release|Any CPU
		{F82E05AA-53AC-425C-87F4-99E8195F7E9E}.Debug|Any CPU.ActiveCfg = Debug|Any CPU
		{F82E05AA-53AC-425C-87F4-99E8195F7E9E}.Debug|Any CPU.Build.0 = Debug|Any CPU
		{F82E05AA-53AC-425C-87F4-99E8195F7E9E}.Debug|x64.ActiveCfg = Debug|Any CPU
		{F82E05AA-53AC-425C-87F4-99E8195F7E9E}.Debug|x64.Build.0 = Debug|Any CPU
		{F82E05AA-53AC-425C-87F4-99E8195F7E9E}.Debug|x86.ActiveCfg = Debug|Any CPU
		{F82E05AA-53AC-425C-87F4-99E8195F7E9E}.Debug|x86.Build.0 = Debug|Any CPU
		{F82E05AA-53AC-425C-87F4-99E8195F7E9E}.Release|Any CPU.ActiveCfg = Release|Any CPU
		{F82E05AA-53AC-425C-87F4-99E8195F7E9E}.Release|Any CPU.Build.0 = Release|Any CPU
		{F82E05AA-53AC-425C-87F4-99E8195F7E9E}.Release|x64.ActiveCfg = Release|Any CPU
		{F82E05AA-53AC-425C-87F4-99E8195F7E9E}.Release|x64.Build.0 = Release|Any CPU
		{F82E05AA-53AC-425C-87F4-99E8195F7E9E}.Release|x86.ActiveCfg = Release|Any CPU
		{F82E05AA-53AC-425C-87F4-99E8195F7E9E}.Release|x86.Build.0 = Release|Any CPU
		{714C8064-E2D6-41A2-A772-FE75197FD17B}.Debug|Any CPU.ActiveCfg = Debug|Any CPU
		{714C8064-E2D6-41A2-A772-FE75197FD17B}.Debug|Any CPU.Build.0 = Debug|Any CPU
		{714C8064-E2D6-41A2-A772-FE75197FD17B}.Debug|x64.ActiveCfg = Debug|Any CPU
		{714C8064-E2D6-41A2-A772-FE75197FD17B}.Debug|x64.Build.0 = Debug|Any CPU
		{714C8064-E2D6-41A2-A772-FE75197FD17B}.Debug|x86.ActiveCfg = Debug|Any CPU
		{714C8064-E2D6-41A2-A772-FE75197FD17B}.Debug|x86.Build.0 = Debug|Any CPU
		{714C8064-E2D6-41A2-A772-FE75197FD17B}.Release|Any CPU.ActiveCfg = Release|Any CPU
		{714C8064-E2D6-41A2-A772-FE75197FD17B}.Release|Any CPU.Build.0 = Release|Any CPU
		{714C8064-E2D6-41A2-A772-FE75197FD17B}.Release|x64.ActiveCfg = Release|Any CPU
		{714C8064-E2D6-41A2-A772-FE75197FD17B}.Release|x64.Build.0 = Release|Any CPU
		{714C8064-E2D6-41A2-A772-FE75197FD17B}.Release|x86.ActiveCfg = Release|Any CPU
		{714C8064-E2D6-41A2-A772-FE75197FD17B}.Release|x86.Build.0 = Release|Any CPU
		{9C2E3628-0B74-4A49-AFDD-63877CE22078}.Debug|Any CPU.ActiveCfg = Debug|Any CPU
		{9C2E3628-0B74-4A49-AFDD-63877CE22078}.Debug|Any CPU.Build.0 = Debug|Any CPU
		{9C2E3628-0B74-4A49-AFDD-63877CE22078}.Debug|x64.ActiveCfg = Debug|Any CPU
		{9C2E3628-0B74-4A49-AFDD-63877CE22078}.Debug|x64.Build.0 = Debug|Any CPU
		{9C2E3628-0B74-4A49-AFDD-63877CE22078}.Debug|x86.ActiveCfg = Debug|Any CPU
		{9C2E3628-0B74-4A49-AFDD-63877CE22078}.Debug|x86.Build.0 = Debug|Any CPU
		{9C2E3628-0B74-4A49-AFDD-63877CE22078}.Release|Any CPU.ActiveCfg = Release|Any CPU
		{9C2E3628-0B74-4A49-AFDD-63877CE22078}.Release|Any CPU.Build.0 = Release|Any CPU
		{9C2E3628-0B74-4A49-AFDD-63877CE22078}.Release|x64.ActiveCfg = Release|Any CPU
		{9C2E3628-0B74-4A49-AFDD-63877CE22078}.Release|x64.Build.0 = Release|Any CPU
		{9C2E3628-0B74-4A49-AFDD-63877CE22078}.Release|x86.ActiveCfg = Release|Any CPU
		{9C2E3628-0B74-4A49-AFDD-63877CE22078}.Release|x86.Build.0 = Release|Any CPU
		{B5CE6BED-A4B9-40A6-BCC0-0669DCDD73C8}.Debug|Any CPU.ActiveCfg = Debug|Any CPU
		{B5CE6BED-A4B9-40A6-BCC0-0669DCDD73C8}.Debug|Any CPU.Build.0 = Debug|Any CPU
		{B5CE6BED-A4B9-40A6-BCC0-0669DCDD73C8}.Debug|x64.ActiveCfg = Debug|Any CPU
		{B5CE6BED-A4B9-40A6-BCC0-0669DCDD73C8}.Debug|x64.Build.0 = Debug|Any CPU
		{B5CE6BED-A4B9-40A6-BCC0-0669DCDD73C8}.Debug|x86.ActiveCfg = Debug|Any CPU
		{B5CE6BED-A4B9-40A6-BCC0-0669DCDD73C8}.Debug|x86.Build.0 = Debug|Any CPU
		{B5CE6BED-A4B9-40A6-BCC0-0669DCDD73C8}.Release|Any CPU.ActiveCfg = Release|Any CPU
		{B5CE6BED-A4B9-40A6-BCC0-0669DCDD73C8}.Release|Any CPU.Build.0 = Release|Any CPU
		{B5CE6BED-A4B9-40A6-BCC0-0669DCDD73C8}.Release|x64.ActiveCfg = Release|Any CPU
		{B5CE6BED-A4B9-40A6-BCC0-0669DCDD73C8}.Release|x64.Build.0 = Release|Any CPU
		{B5CE6BED-A4B9-40A6-BCC0-0669DCDD73C8}.Release|x86.ActiveCfg = Release|Any CPU
		{B5CE6BED-A4B9-40A6-BCC0-0669DCDD73C8}.Release|x86.Build.0 = Release|Any CPU
	EndGlobalSection
	GlobalSection(SolutionProperties) = preSolution
		HideSolutionNode = FALSE
	EndGlobalSection
	GlobalSection(NestedProjects) = preSolution
		{8D626EA8-CB54-BC41-363A-217881BEBA6E} = {827E0CD3-B72D-47B6-A68D-7590B98EB39B}
		{53986343-908A-6037-C70A-1919D3E9F8C3} = {8D626EA8-CB54-BC41-363A-217881BEBA6E}
		{EDC96531-90B5-416A-99B4-0FCA89D534F0} = {53986343-908A-6037-C70A-1919D3E9F8C3}
		{0CDA018B-BDBD-8926-19A4-D41D9F91466A} = {8D626EA8-CB54-BC41-363A-217881BEBA6E}
		{B8FD6914-FC44-4339-A368-063CCA12E2D3} = {0CDA018B-BDBD-8926-19A4-D41D9F91466A}
		{9048EB7F-3875-A59E-E36B-5BD4C6F2A282} = {827E0CD3-B72D-47B6-A68D-7590B98EB39B}
		{813E7100-D1EB-AF84-2D96-A854DDFD8E47} = {9048EB7F-3875-A59E-E36B-5BD4C6F2A282}
		{8FD97239-4C21-4BA4-8196-4C668DAEFCB7} = {813E7100-D1EB-AF84-2D96-A854DDFD8E47}
		{953D89DF-FDD2-4C1A-6A43-6326114B13B5} = {827E0CD3-B72D-47B6-A68D-7590B98EB39B}
		{619E4DDB-CA66-46ED-ACAC-3B63C2685990} = {953D89DF-FDD2-4C1A-6A43-6326114B13B5}
		{C8E42992-5E42-0C2B-DBFE-AA848D06431C} = {827E0CD3-B72D-47B6-A68D-7590B98EB39B}
		{4A4FD447-1171-4F33-A18C-B25E65CD7466} = {C8E42992-5E42-0C2B-DBFE-AA848D06431C}
		{89BA21D6-604E-9DA1-5F6C-9062FD58212E} = {827E0CD3-B72D-47B6-A68D-7590B98EB39B}
		{F82E05AA-53AC-425C-87F4-99E8195F7E9E} = {89BA21D6-604E-9DA1-5F6C-9062FD58212E}
		{DF56E729-A01A-29F9-47C4-8BA551762C32} = {9048EB7F-3875-A59E-E36B-5BD4C6F2A282}
		{714C8064-E2D6-41A2-A772-FE75197FD17B} = {DF56E729-A01A-29F9-47C4-8BA551762C32}
		{85F909CB-8F14-ECC8-BA9D-713D1771907F} = {827E0CD3-B72D-47B6-A68D-7590B98EB39B}
		{9C2E3628-0B74-4A49-AFDD-63877CE22078} = {85F909CB-8F14-ECC8-BA9D-713D1771907F}
		{30785934-E017-5D9F-2777-3D61460A5281} = {0AB3BF05-4346-4AA6-1389-037BE0695223}
		{B5CE6BED-A4B9-40A6-BCC0-0669DCDD73C8} = {30785934-E017-5D9F-2777-3D61460A5281}
	EndGlobalSection
EndGlobal
